
Microsoft Visual Studio Solution File, Format Version 12.00
# Visual Studio 15
VisualStudioVersion = 15.0.27130.2026
MinimumVisualStudioVersion = 10.0.40219.1
Project("{FAE04EC0-301F-11D3-BF4B-00C04F79EFBC}") = "ExtendableCalc", "ExtendableCalc\ExtendableCalc.csproj", "{4D692302-A7CB-4BD4-B28A-149EC6C9D9D8}"
EndProject
Global
	GlobalSection(SolutionConfigurationPlatforms) = preSolution
		Debug|Any CPU = Debug|Any CPU
		Release|Any CPU = Release|Any CPU
	EndGlobalSection
	GlobalSection(ProjectConfigurationPlatforms) = postSolution
		{4D692302-A7CB-4BD4-B28A-149EC6C9D9D8}.Debug|Any CPU.ActiveCfg = Debug|Any CPU
		{4D692302-A7CB-4BD4-B28A-149EC6C9D9D8}.Debug|Any CPU.Build.0 = Debug|Any CPU
		{4D692302-A7CB-4BD4-B28A-149EC6C9D9D8}.Release|Any CPU.ActiveCfg = Release|Any CPU
		{4D692302-A7CB-4BD4-B28A-149EC6C9D9D8}.Release|Any CPU.Build.0 = Release|Any CPU
	EndGlobalSection
	GlobalSection(SolutionProperties) = preSolution
		HideSolutionNode = FALSE
	EndGlobalSection
	GlobalSection(ExtensibilityGlobals) = postSolution
		SolutionGuid = {4330F326-714A-4092-9A6B-E1003EE0D387}
	EndGlobalSection
EndGlobal
