
Microsoft Visual Studio Solution File, Format Version 12.00
# Visual Studio 15
VisualStudioVersion = 15.0.27428.1
MinimumVisualStudioVersion = 10.0.40219.1
Project("{FAE04EC0-301F-11D3-BF4B-00C04F79EFBC}") = "ThemeHospital", "ThemeHospital\ThemeHospital.csproj", "{86659F91-45CF-4A52-9FCB-C9E555652821}"
EndProject
Global
	GlobalSection(SolutionConfigurationPlatforms) = preSolution
		Debug|Any CPU = Debug|Any CPU
		Release|Any CPU = Release|Any CPU
	EndGlobalSection
	GlobalSection(ProjectConfigurationPlatforms) = postSolution
		{86659F91-45CF-4A52-9FCB-C9E555652821}.Debug|Any CPU.ActiveCfg = Debug|Any CPU
		{86659F91-45CF-4A52-9FCB-C9E555652821}.Debug|Any CPU.Build.0 = Debug|Any CPU
		{86659F91-45CF-4A52-9FCB-C9E555652821}.Release|Any CPU.ActiveCfg = Release|Any CPU
		{86659F91-45CF-4A52-9FCB-C9E555652821}.Release|Any CPU.Build.0 = Release|Any CPU
	EndGlobalSection
	GlobalSection(SolutionProperties) = preSolution
		HideSolutionNode = FALSE
	EndGlobalSection
	GlobalSection(ExtensibilityGlobals) = postSolution
		SolutionGuid = {5E13AE3C-0FCD-4628-8F4D-8E8D4045C0F7}
	EndGlobalSection
EndGlobal
