
Microsoft Visual Studio Solution File, Format Version 12.00
# Visual Studio 15
VisualStudioVersion = 15.0.27428.1
MinimumVisualStudioVersion = 10.0.40219.1
Project("{FAE04EC0-301F-11D3-BF4B-00C04F79EFBC}") = "Spring", "Spring.csproj", "{2F452E6A-8F28-4386-B44C-4E15112838E7}"
EndProject
Global
	GlobalSection(SolutionConfigurationPlatforms) = preSolution
		Debug|Any CPU = Debug|Any CPU
		Release|Any CPU = Release|Any CPU
	EndGlobalSection
	GlobalSection(ProjectConfigurationPlatforms) = postSolution
		{2F452E6A-8F28-4386-B44C-4E15112838E7}.Debug|Any CPU.ActiveCfg = Debug|Any CPU
		{2F452E6A-8F28-4386-B44C-4E15112838E7}.Debug|Any CPU.Build.0 = Debug|Any CPU
		{2F452E6A-8F28-4386-B44C-4E15112838E7}.Release|Any CPU.ActiveCfg = Release|Any CPU
		{2F452E6A-8F28-4386-B44C-4E15112838E7}.Release|Any CPU.Build.0 = Release|Any CPU
	EndGlobalSection
	GlobalSection(SolutionProperties) = preSolution
		HideSolutionNode = FALSE
	EndGlobalSection
	GlobalSection(ExtensibilityGlobals) = postSolution
		SolutionGuid = {5DD6D35F-A994-4BE3-84F6-715482A47B85}
	EndGlobalSection
EndGlobal
